
Microsoft Visual Studio Solution File, Format Version 12.00
Project("{FAE04EC0-301F-11D3-BF4B-00C04F79EFBC}") = "FizzBuzz", "FizzBuzz\FizzBuzz.csproj", "{C3FDA01A-10F8-4AEF-BC0F-16D1F19B6794}"
EndProject
Global
	GlobalSection(SolutionConfigurationPlatforms) = preSolution
		Debug|Any CPU = Debug|Any CPU
		Release|Any CPU = Release|Any CPU
	EndGlobalSection
	GlobalSection(ProjectConfigurationPlatforms) = postSolution
		{C3FDA01A-10F8-4AEF-BC0F-16D1F19B6794}.Debug|Any CPU.ActiveCfg = Debug|Any CPU
		{C3FDA01A-10F8-4AEF-BC0F-16D1F19B6794}.Debug|Any CPU.Build.0 = Debug|Any CPU
		{C3FDA01A-10F8-4AEF-BC0F-16D1F19B6794}.Release|Any CPU.ActiveCfg = Release|Any CPU
		{C3FDA01A-10F8-4AEF-BC0F-16D1F19B6794}.Release|Any CPU.Build.0 = Release|Any CPU
	EndGlobalSection
EndGlobal
